// !$*UTF8*$!
{
	archiveVersion = 1;
	classes = {
	};
	objectVersion = 46;
	objects = {

/* Begin PBXBuildFile section */
		5B09F7AD14DAD94600544196 /* UIKit.framework in Frameworks */ = {isa = PBXBuildFile; fileRef = 5B09F7AC14DAD94600544196 /* UIKit.framework */; };
		5B09F7AF14DAD94600544196 /* Foundation.framework in Frameworks */ = {isa = PBXBuildFile; fileRef = 5B09F7AE14DAD94600544196 /* Foundation.framework */; };
		5B09F7B114DAD94600544196 /* CoreGraphics.framework in Frameworks */ = {isa = PBXBuildFile; fileRef = 5B09F7B014DAD94600544196 /* CoreGraphics.framework */; };
		5B09F7B714DAD94600544196 /* InfoPlist.strings in Resources */ = {isa = PBXBuildFile; fileRef = 5B09F7B514DAD94600544196 /* InfoPlist.strings */; };
		5B09F7B914DAD94600544196 /* main.m in Sources */ = {isa = PBXBuildFile; fileRef = 5B09F7B814DAD94600544196 /* main.m */; };
		5B09F7BD14DAD94600544196 /* AppDelegate.m in Sources */ = {isa = PBXBuildFile; fileRef = 5B09F7BC14DAD94600544196 /* AppDelegate.m */; };
		5B09F7C014DAD94600544196 /* MainStoryboard_iPhone.storyboard in Resources */ = {isa = PBXBuildFile; fileRef = 5B09F7BE14DAD94600544196 /* MainStoryboard_iPhone.storyboard */; };
		5B09F7C314DAD94600544196 /* MainStoryboard_iPad.storyboard in Resources */ = {isa = PBXBuildFile; fileRef = 5B09F7C114DAD94600544196 /* MainStoryboard_iPad.storyboard */; };
		5B09F7C614DAD94600544196 /* FirstViewController.m in Sources */ = {isa = PBXBuildFile; fileRef = 5B09F7C514DAD94600544196 /* FirstViewController.m */; };
		5B09F7C814DAD94600544196 /* first.png in Resources */ = {isa = PBXBuildFile; fileRef = 5B09F7C714DAD94600544196 /* first.png */; };
		5B09F7CA14DAD94600544196 /* first@2x.png in Resources */ = {isa = PBXBuildFile; fileRef = 5B09F7C914DAD94600544196 /* first@2x.png */; };
		5B09F7CD14DAD94600544196 /* SecondViewController.m in Sources */ = {isa = PBXBuildFile; fileRef = 5B09F7CC14DAD94600544196 /* SecondViewController.m */; };
		5B09F7CF14DAD94600544196 /* second.png in Resources */ = {isa = PBXBuildFile; fileRef = 5B09F7CE14DAD94600544196 /* second.png */; };
		5B09F7D114DAD94600544196 /* second@2x.png in Resources */ = {isa = PBXBuildFile; fileRef = 5B09F7D014DAD94600544196 /* second@2x.png */; };
/* End PBXBuildFile section */

/* Begin PBXFileReference section */
		5B09F7A814DAD94600544196 /* sharcs.app */ = {isa = PBXFileReference; explicitFileType = wrapper.application; includeInIndex = 0; path = sharcs.app; sourceTree = BUILT_PRODUCTS_DIR; };
		5B09F7AC14DAD94600544196 /* UIKit.framework */ = {isa = PBXFileReference; lastKnownFileType = wrapper.framework; name = UIKit.framework; path = System/Library/Frameworks/UIKit.framework; sourceTree = SDKROOT; };
		5B09F7AE14DAD94600544196 /* Foundation.framework */ = {isa = PBXFileReference; lastKnownFileType = wrapper.framework; name = Foundation.framework; path = System/Library/Frameworks/Foundation.framework; sourceTree = SDKROOT; };
		5B09F7B014DAD94600544196 /* CoreGraphics.framework */ = {isa = PBXFileReference; lastKnownFileType = wrapper.framework; name = CoreGraphics.framework; path = System/Library/Frameworks/CoreGraphics.framework; sourceTree = SDKROOT; };
		5B09F7B414DAD94600544196 /* sharcs-Info.plist */ = {isa = PBXFileReference; path = "sharcs-Info.plist"; sourceTree = "<group>"; };
		5B09F7B614DAD94600544196 /* en */ = {isa = PBXFileReference; lastKnownFileType = text.plist.strings; name = en; path = en.lproj/InfoPlist.strings; sourceTree = "<group>"; };
		5B09F7B814DAD94600544196 /* main.m */ = {isa = PBXFileReference; lastKnownFileType = sourcecode.c.objc; path = main.m; sourceTree = "<group>"; };
		5B09F7BA14DAD94600544196 /* sharcs-Prefix.pch */ = {isa = PBXFileReference; path = "sharcs-Prefix.pch"; sourceTree = "<group>"; };
		5B09F7BB14DAD94600544196 /* AppDelegate.h */ = {isa = PBXFileReference; path = AppDelegate.h; sourceTree = "<group>"; };
		5B09F7BC14DAD94600544196 /* AppDelegate.m */ = {isa = PBXFileReference; lastKnownFileType = sourcecode.c.objc; path = AppDelegate.m; sourceTree = "<group>"; };
		5B09F7BF14DAD94600544196 /* en */ = {isa = PBXFileReference; lastKnownFileType = file.storyboard; name = en; path = en.lproj/MainStoryboard_iPhone.storyboard; sourceTree = "<group>"; };
		5B09F7C214DAD94600544196 /* en */ = {isa = PBXFileReference; lastKnownFileType = file.storyboard; name = en; path = en.lproj/MainStoryboard_iPad.storyboard; sourceTree = "<group>"; };
		5B09F7C414DAD94600544196 /* FirstViewController.h */ = {isa = PBXFileReference; path = FirstViewController.h; sourceTree = "<group>"; };
		5B09F7C514DAD94600544196 /* FirstViewController.m */ = {isa = PBXFileReference; lastKnownFileType = sourcecode.c.objc; path = FirstViewController.m; sourceTree = "<group>"; };
		5B09F7C714DAD94600544196 /* first.png */ = {isa = PBXFileReference; lastKnownFileType = image.png; path = first.png; sourceTree = "<group>"; };
		5B09F7C914DAD94600544196 /* first@2x.png */ = {isa = PBXFileReference; lastKnownFileType = image.png; path = "first@2x.png"; sourceTree = "<group>"; };
		5B09F7CB14DAD94600544196 /* SecondViewController.h */ = {isa = PBXFileReference; path = SecondViewController.h; sourceTree = "<group>"; };
		5B09F7CC14DAD94600544196 /* SecondViewController.m */ = {isa = PBXFileReference; lastKnownFileType = sourcecode.c.objc; path = SecondViewController.m; sourceTree = "<group>"; };
		5B09F7CE14DAD94600544196 /* second.png */ = {isa = PBXFileReference; lastKnownFileType = image.png; path = second.png; sourceTree = "<group>"; };
		5B09F7D014DAD94600544196 /* second@2x.png */ = {isa = PBXFileReference; lastKnownFileType = image.png; path = "second@2x.png"; sourceTree = "<group>"; };
/* End PBXFileReference section */

/* Begin PBXFrameworksBuildPhase section */
		5B09F7A514DAD94600544196 /* Frameworks */ = {
			isa = PBXFrameworksBuildPhase;
			buildActionMask = 2147483647;
			files = (
				5B09F7AD14DAD94600544196 /* UIKit.framework in Frameworks */,
				5B09F7AF14DAD94600544196 /* Foundation.framework in Frameworks */,
				5B09F7B114DAD94600544196 /* CoreGraphics.framework in Frameworks */,
			);
			runOnlyForDeploymentPostprocessing = 0;
		};
/* End PBXFrameworksBuildPhase section */

/* Begin PBXGroup section */
		5B09F79D14DAD94600544196 = {
			isa = PBXGroup;
			children = (
				5B09F7B214DAD94600544196 /* sharcs */,
				5B09F7AB14DAD94600544196 /* Frameworks */,
				5B09F7A914DAD94600544196 /* Products */,
			);
			sourceTree = "<group>";
		};
		5B09F7A914DAD94600544196 /* Products */ = {
			isa = PBXGroup;
			children = (
				5B09F7A814DAD94600544196 /* sharcs.app */,
			);
			name = Products;
			sourceTree = "<group>";
		};
		5B09F7AB14DAD94600544196 /* Frameworks */ = {
			isa = PBXGroup;
			children = (
				5B09F7AC14DAD94600544196 /* UIKit.framework */,
				5B09F7AE14DAD94600544196 /* Foundation.framework */,
				5B09F7B014DAD94600544196 /* CoreGraphics.framework */,
			);
			name = Frameworks;
			sourceTree = "<group>";
		};
		5B09F7B214DAD94600544196 /* sharcs */ = {
			isa = PBXGroup;
			children = (
				5B09F7BB14DAD94600544196 /* AppDelegate.h */,
				5B09F7BC14DAD94600544196 /* AppDelegate.m */,
				5B09F7BE14DAD94600544196 /* MainStoryboard_iPhone.storyboard */,
				5B09F7C114DAD94600544196 /* MainStoryboard_iPad.storyboard */,
				5B09F7C414DAD94600544196 /* FirstViewController.h */,
				5B09F7C514DAD94600544196 /* FirstViewController.m */,
				5B09F7C714DAD94600544196 /* first.png */,
				5B09F7C914DAD94600544196 /* first@2x.png */,
				5B09F7CB14DAD94600544196 /* SecondViewController.h */,
				5B09F7CC14DAD94600544196 /* SecondViewController.m */,
				5B09F7CE14DAD94600544196 /* second.png */,
				5B09F7D014DAD94600544196 /* second@2x.png */,
				5B09F7B314DAD94600544196 /* Supporting Files */,
			);
			path = sharcs;
			sourceTree = "<group>";
		};
		5B09F7B314DAD94600544196 /* Supporting Files */ = {
			isa = PBXGroup;
			children = (
				5B09F7B414DAD94600544196 /* sharcs-Info.plist */,
				5B09F7B514DAD94600544196 /* InfoPlist.strings */,
				5B09F7B814DAD94600544196 /* main.m */,
				5B09F7BA14DAD94600544196 /* sharcs-Prefix.pch */,
			);
			name = "Supporting Files";
			sourceTree = "<group>";
		};
/* End PBXGroup section */

/* Begin PBXNativeTarget section */
		5B09F7A714DAD94600544196 /* sharcs */ = {
			isa = PBXNativeTarget;
			buildConfigurationList = 5B09F7D414DAD94600544196 /* Build configuration list for PBXNativeTarget "sharcs" */;
			buildPhases = (
				5B09F7A414DAD94600544196 /* Sources */,
				5B09F7A514DAD94600544196 /* Frameworks */,
				5B09F7A614DAD94600544196 /* Resources */,
			);
			buildRules = (
			);
			dependencies = (
			);
			name = sharcs;
			productName = sharcs;
			productReference = 5B09F7A814DAD94600544196 /* sharcs.app */;
			productType = "com.apple.product-type.application";
		};
/* End PBXNativeTarget section */

/* Begin PBXProject section */
		5B09F79F14DAD94600544196 /* Project object */ = {
			isa = PBXProject;
			attributes = {
				LastUpgradeCheck = 0420;
			};
			buildConfigurationList = 5B09F7A214DAD94600544196 /* Build configuration list for PBXProject "sharcs" */;
			compatibilityVersion = "Xcode 3.2";
			developmentRegion = English;
			hasScannedForEncodings = 0;
			knownRegions = (
				en,
			);
			mainGroup = 5B09F79D14DAD94600544196;
			productRefGroup = 5B09F7A914DAD94600544196 /* Products */;
			projectDirPath = "";
			projectRoot = "";
			targets = (
				5B09F7A714DAD94600544196 /* sharcs */,
			);
		};
/* End PBXProject section */

/* Begin PBXResourcesBuildPhase section */
		5B09F7A614DAD94600544196 /* Resources */ = {
			isa = PBXResourcesBuildPhase;
			buildActionMask = 2147483647;
			files = (
				5B09F7B714DAD94600544196 /* InfoPlist.strings in Resources */,
				5B09F7C014DAD94600544196 /* MainStoryboard_iPhone.storyboard in Resources */,
				5B09F7C314DAD94600544196 /* MainStoryboard_iPad.storyboard in Resources */,
				5B09F7C814DAD94600544196 /* first.png in Resources */,
				5B09F7CA14DAD94600544196 /* first@2x.png in Resources */,
				5B09F7CF14DAD94600544196 /* second.png in Resources */,
				5B09F7D114DAD94600544196 /* second@2x.png in Resources */,
			);
			runOnlyForDeploymentPostprocessing = 0;
		};
/* End PBXResourcesBuildPhase section */

/* Begin PBXSourcesBuildPhase section */
		5B09F7A414DAD94600544196 /* Sources */ = {
			isa = PBXSourcesBuildPhase;
			buildActionMask = 2147483647;
			files = (
				5B09F7B914DAD94600544196 /* main.m in Sources */,
				5B09F7BD14DAD94600544196 /* AppDelegate.m in Sources */,
				5B09F7C614DAD94600544196 /* FirstViewController.m in Sources */,
				5B09F7CD14DAD94600544196 /* SecondViewController.m in Sources */,
			);
			runOnlyForDeploymentPostprocessing = 0;
		};
/* End PBXSourcesBuildPhase section */

/* Begin PBXVariantGroup section */
		5B09F7B514DAD94600544196 /* InfoPlist.strings */ = {
			isa = PBXVariantGroup;
			children = (
				5B09F7B614DAD94600544196 /* en */,
			);
			name = InfoPlist.strings;
			sourceTree = "<group>";
		};
		5B09F7BE14DAD94600544196 /* MainStoryboard_iPhone.storyboard */ = {
			isa = PBXVariantGroup;
			children = (
				5B09F7BF14DAD94600544196 /* en */,
			);
			name = MainStoryboard_iPhone.storyboard;
			sourceTree = "<group>";
		};
		5B09F7C114DAD94600544196 /* MainStoryboard_iPad.storyboard */ = {
			isa = PBXVariantGroup;
			children = (
				5B09F7C214DAD94600544196 /* en */,
			);
			name = MainStoryboard_iPad.storyboard;
			sourceTree = "<group>";
		};
/* End PBXVariantGroup section */

/* Begin XCBuildConfiguration section */
		5B09F7D214DAD94600544196 /* Debug */ = {
			isa = XCBuildConfiguration;
			buildSettings = {
				ALWAYS_SEARCH_USER_PATHS = NO;
				ARCHS = "$(ARCHS_STANDARD_32_BIT)";
				CLANG_ENABLE_OBJC_ARC = YES;
				"CODE_SIGN_IDENTITY[sdk=iphoneos*]" = "iPhone Developer";
				COPY_PHASE_STRIP = NO;
				GCC_C_LANGUAGE_STANDARD = gnu99;
				GCC_DYNAMIC_NO_PIC = NO;
				GCC_OPTIMIZATION_LEVEL = 0;
				GCC_PREPROCESSOR_DEFINITIONS = (
					"DEBUG=1",
					"$(inherited)",
				);
				GCC_SYMBOLS_PRIVATE_EXTERN = NO;
				GCC_VERSION = com.apple.compilers.llvm.clang.1_0;
				GCC_WARN_ABOUT_MISSING_PROTOTYPES = YES;
				GCC_WARN_ABOUT_RETURN_TYPE = YES;
				GCC_WARN_UNUSED_VARIABLE = YES;
				IPHONEOS_DEPLOYMENT_TARGET = 5.0;
				SDKROOT = iphoneos;
				TARGETED_DEVICE_FAMILY = "1,2";
			};
			name = Debug;
		};
		5B09F7D314DAD94600544196 /* Release */ = {
			isa = XCBuildConfiguration;
			buildSettings = {
				ALWAYS_SEARCH_USER_PATHS = NO;
				ARCHS = "$(ARCHS_STANDARD_32_BIT)";
				CLANG_ENABLE_OBJC_ARC = YES;
				"CODE_SIGN_IDENTITY[sdk=iphoneos*]" = "iPhone Developer";
				COPY_PHASE_STRIP = YES;
				GCC_C_LANGUAGE_STANDARD = gnu99;
				GCC_VERSION = com.apple.compilers.llvm.clang.1_0;
				GCC_WARN_ABOUT_MISSING_PROTOTYPES = YES;
				GCC_WARN_ABOUT_RETURN_TYPE = YES;
				GCC_WARN_UNUSED_VARIABLE = YES;
				IPHONEOS_DEPLOYMENT_TARGET = 5.0;
				OTHER_CFLAGS = "-DNS_BLOCK_ASSERTIONS=1";
				SDKROOT = iphoneos;
				TARGETED_DEVICE_FAMILY = "1,2";
				VALIDATE_PRODUCT = YES;
			};
			name = Release;
		};
		5B09F7D514DAD94600544196 /* Debug */ = {
			isa = XCBuildConfiguration;
			buildSettings = {
				GCC_PRECOMPILE_PREFIX_HEADER = YES;
				GCC_PREFIX_HEADER = "sharcs/sharcs-Prefix.pch";
				INFOPLIST_FILE = "sharcs/sharcs-Info.plist";
				PRODUCT_NAME = "$(TARGET_NAME)";
				WRAPPER_EXTENSION = app;
			};
			name = Debug;
		};
		5B09F7D614DAD94600544196 /* Release */ = {
			isa = XCBuildConfiguration;
			buildSettings = {
				GCC_PRECOMPILE_PREFIX_HEADER = YES;
				GCC_PREFIX_HEADER = "sharcs/sharcs-Prefix.pch";
				INFOPLIST_FILE = "sharcs/sharcs-Info.plist";
				PRODUCT_NAME = "$(TARGET_NAME)";
				WRAPPER_EXTENSION = app;
			};
			name = Release;
		};
/* End XCBuildConfiguration section */

/* Begin XCConfigurationList section */
		5B09F7A214DAD94600544196 /* Build configuration list for PBXProject "sharcs" */ = {
			isa = XCConfigurationList;
			buildConfigurations = (
				5B09F7D214DAD94600544196 /* Debug */,
				5B09F7D314DAD94600544196 /* Release */,
			);
			defaultConfigurationIsVisible = 0;
			defaultConfigurationName = Release;
		};
		5B09F7D414DAD94600544196 /* Build configuration list for PBXNativeTarget "sharcs" */ = {
			isa = XCConfigurationList;
			buildConfigurations = (
				5B09F7D514DAD94600544196 /* Debug */,
				5B09F7D614DAD94600544196 /* Release */,
			);
			defaultConfigurationIsVisible = 0;
		};
/* End XCConfigurationList section */
	};
	rootObject = 5B09F79F14DAD94600544196 /* Project object */;
}
